
Microsoft Visual Studio Solution File, Format Version 12.00
# Visual Studio Version 17
VisualStudioVersion = 17.10.35122.118
MinimumVisualStudioVersion = 10.0.40219.1
Project("{9A19103F-16F7-4668-BE54-9A1E7A4F7556}") = "TetrisSharp", "TetrisSharp.csproj", "{4CCC287E-D98A-42FE-8BA8-AF796A811BF2}"
EndProject
Project("{2150E333-8FDC-42A3-9474-1A3956D46DE8}") = "Dependencies", "Dependencies", "{54312257-D759-4919-856D-F8BE4DEC401F}"
EndProject
Project("{9A19103F-16F7-4668-BE54-9A1E7A4F7556}") = "Mfx.Core", "..\mfx\src\mfx\Mfx.Core\Mfx.Core.csproj", "{F43F60EC-5B86-4040-80CC-1FCC5D67F48D}"
EndProject
Project("{9A19103F-16F7-4668-BE54-9A1E7A4F7556}") = "Mfx.Extended.FontStashSharp", "..\mfx\src\mfx\Mfx.Extended.FontStashSharp\Mfx.Extended.FontStashSharp.csproj", "{BA3FB39F-C838-4202-A7EA-47FDB016CF3A}"
EndProject
Global
	GlobalSection(SolutionConfigurationPlatforms) = preSolution
		Debug|Any CPU = Debug|Any CPU
		Release|Any CPU = Release|Any CPU
	EndGlobalSection
	GlobalSection(ProjectConfigurationPlatforms) = postSolution
		{4CCC287E-D98A-42FE-8BA8-AF796A811BF2}.Debug|Any CPU.ActiveCfg = Debug|Any CPU
		{4CCC287E-D98A-42FE-8BA8-AF796A811BF2}.Debug|Any CPU.Build.0 = Debug|Any CPU
		{4CCC287E-D98A-42FE-8BA8-AF796A811BF2}.Release|Any CPU.ActiveCfg = Release|Any CPU
		{4CCC287E-D98A-42FE-8BA8-AF796A811BF2}.Release|Any CPU.Build.0 = Release|Any CPU
		{F43F60EC-5B86-4040-80CC-1FCC5D67F48D}.Debug|Any CPU.ActiveCfg = Debug|Any CPU
		{F43F60EC-5B86-4040-80CC-1FCC5D67F48D}.Debug|Any CPU.Build.0 = Debug|Any CPU
		{F43F60EC-5B86-4040-80CC-1FCC5D67F48D}.Release|Any CPU.ActiveCfg = Release|Any CPU
		{F43F60EC-5B86-4040-80CC-1FCC5D67F48D}.Release|Any CPU.Build.0 = Release|Any CPU
		{BA3FB39F-C838-4202-A7EA-47FDB016CF3A}.Debug|Any CPU.ActiveCfg = Debug|Any CPU
		{BA3FB39F-C838-4202-A7EA-47FDB016CF3A}.Debug|Any CPU.Build.0 = Debug|Any CPU
		{BA3FB39F-C838-4202-A7EA-47FDB016CF3A}.Release|Any CPU.ActiveCfg = Release|Any CPU
		{BA3FB39F-C838-4202-A7EA-47FDB016CF3A}.Release|Any CPU.Build.0 = Release|Any CPU
	EndGlobalSection
	GlobalSection(SolutionProperties) = preSolution
		HideSolutionNode = FALSE
	EndGlobalSection
	GlobalSection(NestedProjects) = preSolution
		{F43F60EC-5B86-4040-80CC-1FCC5D67F48D} = {54312257-D759-4919-856D-F8BE4DEC401F}
		{BA3FB39F-C838-4202-A7EA-47FDB016CF3A} = {54312257-D759-4919-856D-F8BE4DEC401F}
	EndGlobalSection
	GlobalSection(ExtensibilityGlobals) = postSolution
		SolutionGuid = {169C65DC-F194-4959-838F-8A33C2BB2BE9}
	EndGlobalSection
EndGlobal
